
Microsoft Visual Studio Solution File, Format Version 12.00
# Visual Studio Version 16
VisualStudioVersion = 16.0.32106.194
MinimumVisualStudioVersion = 10.0.40219.1
Project("{FAE04EC0-301F-11D3-BF4B-00C04F79EFBC}") = "laborator3Ex7", "laborator3Ex7.csproj", "{75182685-09AC-4B74-B871-5EE8619EBA12}"
EndProject
Global
	GlobalSection(SolutionConfigurationPlatforms) = preSolution
		Debug|Any CPU = Debug|Any CPU
		Release|Any CPU = Release|Any CPU
	EndGlobalSection
	GlobalSection(ProjectConfigurationPlatforms) = postSolution
		{75182685-09AC-4B74-B871-5EE8619EBA12}.Debug|Any CPU.ActiveCfg = Debug|Any CPU
		{75182685-09AC-4B74-B871-5EE8619EBA12}.Debug|Any CPU.Build.0 = Debug|Any CPU
		{75182685-09AC-4B74-B871-5EE8619EBA12}.Release|Any CPU.ActiveCfg = Release|Any CPU
		{75182685-09AC-4B74-B871-5EE8619EBA12}.Release|Any CPU.Build.0 = Release|Any CPU
	EndGlobalSection
	GlobalSection(SolutionProperties) = preSolution
		HideSolutionNode = FALSE
	EndGlobalSection
	GlobalSection(ExtensibilityGlobals) = postSolution
		SolutionGuid = {5F2871BC-C2EF-4D87-9A40-2FA8DDDF2C1B}
	EndGlobalSection
EndGlobal
